
Microsoft Visual Studio Solution File, Format Version 12.00
# Visual Studio Version 16
VisualStudioVersion = 16.0.30621.155
MinimumVisualStudioVersion = 10.0.40219.1
Project("{FAE04EC0-301F-11D3-BF4B-00C04F79EFBC}") = "Test1", "Test1\Test1.csproj", "{A3FBF6C0-6815-4C47-ADA3-495515AE1384}"
EndProject
Project("{FAE04EC0-301F-11D3-BF4B-00C04F79EFBC}") = "Test2", "Test2\Test2.csproj", "{7AB52233-72C0-4076-A5D5-D2621A272421}"
EndProject
Global
	GlobalSection(SolutionConfigurationPlatforms) = preSolution
		Debug|Any CPU = Debug|Any CPU
		Release|Any CPU = Release|Any CPU
	EndGlobalSection
	GlobalSection(ProjectConfigurationPlatforms) = postSolution
		{A3FBF6C0-6815-4C47-ADA3-495515AE1384}.Debug|Any CPU.ActiveCfg = Debug|Any CPU
		{A3FBF6C0-6815-4C47-ADA3-495515AE1384}.Debug|Any CPU.Build.0 = Debug|Any CPU
		{A3FBF6C0-6815-4C47-ADA3-495515AE1384}.Release|Any CPU.ActiveCfg = Release|Any CPU
		{A3FBF6C0-6815-4C47-ADA3-495515AE1384}.Release|Any CPU.Build.0 = Release|Any CPU
		{7AB52233-72C0-4076-A5D5-D2621A272421}.Debug|Any CPU.ActiveCfg = Debug|Any CPU
		{7AB52233-72C0-4076-A5D5-D2621A272421}.Debug|Any CPU.Build.0 = Debug|Any CPU
		{7AB52233-72C0-4076-A5D5-D2621A272421}.Release|Any CPU.ActiveCfg = Release|Any CPU
		{7AB52233-72C0-4076-A5D5-D2621A272421}.Release|Any CPU.Build.0 = Release|Any CPU
	EndGlobalSection
	GlobalSection(SolutionProperties) = preSolution
		HideSolutionNode = FALSE
	EndGlobalSection
	GlobalSection(ExtensibilityGlobals) = postSolution
		SolutionGuid = {BB1361B0-B6C0-4341-ABAF-50D355AC9EFF}
	EndGlobalSection
EndGlobal
